
Microsoft Visual Studio Solution File, Format Version 12.00
# Visual Studio Version 17
VisualStudioVersion = 17.14.36310.24 d17.14
MinimumVisualStudioVersion = 10.0.40219.1
Project("{8BC9CEB8-8B4A-11D0-8D11-00A0C91BC942}") = "test_8_25", "test_8_25.vcxproj", "{2986AAD4-6E0D-4EB1-AEB0-A70F688E109D}"
EndProject
Global
	GlobalSection(SolutionConfigurationPlatforms) = preSolution
		Debug|x64 = Debug|x64
		Debug|x86 = Debug|x86
		Release|x64 = Release|x64
		Release|x86 = Release|x86
	EndGlobalSection
	GlobalSection(ProjectConfigurationPlatforms) = postSolution
		{2986AAD4-6E0D-4EB1-AEB0-A70F688E109D}.Debug|x64.ActiveCfg = Debug|x64
		{2986AAD4-6E0D-4EB1-AEB0-A70F688E109D}.Debug|x64.Build.0 = Debug|x64
		{2986AAD4-6E0D-4EB1-AEB0-A70F688E109D}.Debug|x86.ActiveCfg = Debug|Win32
		{2986AAD4-6E0D-4EB1-AEB0-A70F688E109D}.Debug|x86.Build.0 = Debug|Win32
		{2986AAD4-6E0D-4EB1-AEB0-A70F688E109D}.Release|x64.ActiveCfg = Release|x64
		{2986AAD4-6E0D-4EB1-AEB0-A70F688E109D}.Release|x64.Build.0 = Release|x64
		{2986AAD4-6E0D-4EB1-AEB0-A70F688E109D}.Release|x86.ActiveCfg = Release|Win32
		{2986AAD4-6E0D-4EB1-AEB0-A70F688E109D}.Release|x86.Build.0 = Release|Win32
	EndGlobalSection
	GlobalSection(SolutionProperties) = preSolution
		HideSolutionNode = FALSE
	EndGlobalSection
	GlobalSection(ExtensibilityGlobals) = postSolution
		SolutionGuid = {77F8E723-C719-4821-A4D9-9C10B4B23C22}
	EndGlobalSection
EndGlobal
